
Microsoft Visual Studio Solution File, Format Version 12.00
Project("{FAE04EC0-301F-11D3-BF4B-00C04F79EFBC}") = "GestionMagasin", "GestionMagasin\GestionMagasin.csproj", "{0D19F628-B981-4481-BA3A-7046E9076747}"
EndProject
Global
	GlobalSection(SolutionConfigurationPlatforms) = preSolution
		Debug|Any CPU = Debug|Any CPU
		Release|Any CPU = Release|Any CPU
	EndGlobalSection
	GlobalSection(ProjectConfigurationPlatforms) = postSolution
		{0D19F628-B981-4481-BA3A-7046E9076747}.Debug|Any CPU.ActiveCfg = Debug|Any CPU
		{0D19F628-B981-4481-BA3A-7046E9076747}.Debug|Any CPU.Build.0 = Debug|Any CPU
		{0D19F628-B981-4481-BA3A-7046E9076747}.Release|Any CPU.ActiveCfg = Release|Any CPU
		{0D19F628-B981-4481-BA3A-7046E9076747}.Release|Any CPU.Build.0 = Release|Any CPU
	EndGlobalSection
EndGlobal
